
Microsoft Visual Studio Solution File, Format Version 12.00
# Visual Studio Version 17
VisualStudioVersion = 17.6.33723.286
MinimumVisualStudioVersion = 10.0.40219.1
Project("{8BC9CEB8-8B4A-11D0-8D11-00A0C91BC942}") = "Minimization", "Minimization\Minimization.vcxproj", "{2BAEE36B-6DB2-4720-BF57-324B610F6648}"
EndProject
Global
	GlobalSection(SolutionConfigurationPlatforms) = preSolution
		Debug|x64 = Debug|x64
		Debug|x86 = Debug|x86
		Release|x64 = Release|x64
		Release|x86 = Release|x86
	EndGlobalSection
	GlobalSection(ProjectConfigurationPlatforms) = postSolution
		{2BAEE36B-6DB2-4720-BF57-324B610F6648}.Debug|x64.ActiveCfg = Debug|x64
		{2BAEE36B-6DB2-4720-BF57-324B610F6648}.Debug|x64.Build.0 = Debug|x64
		{2BAEE36B-6DB2-4720-BF57-324B610F6648}.Debug|x86.ActiveCfg = Debug|Win32
		{2BAEE36B-6DB2-4720-BF57-324B610F6648}.Debug|x86.Build.0 = Debug|Win32
		{2BAEE36B-6DB2-4720-BF57-324B610F6648}.Release|x64.ActiveCfg = Release|x64
		{2BAEE36B-6DB2-4720-BF57-324B610F6648}.Release|x64.Build.0 = Release|x64
		{2BAEE36B-6DB2-4720-BF57-324B610F6648}.Release|x86.ActiveCfg = Release|Win32
		{2BAEE36B-6DB2-4720-BF57-324B610F6648}.Release|x86.Build.0 = Release|Win32
	EndGlobalSection
	GlobalSection(SolutionProperties) = preSolution
		HideSolutionNode = FALSE
	EndGlobalSection
	GlobalSection(ExtensibilityGlobals) = postSolution
		SolutionGuid = {AC9E9CA2-EF48-47A7-B946-932493C51014}
	EndGlobalSection
EndGlobal
